
Microsoft Visual Studio Solution File, Format Version 12.00
# Visual Studio 14
VisualStudioVersion = 14.0.25420.1
MinimumVisualStudioVersion = 10.0.40219.1
Project("{FAE04EC0-301F-11D3-BF4B-00C04F79EFBC}") = "ContactLibrary.Web", "ContactLibrary.Web\ContactLibrary.Web.csproj", "{93E273A0-852E-486D-845A-754ACA17A33D}"
EndProject
Project("{FAE04EC0-301F-11D3-BF4B-00C04F79EFBC}") = "ContactLibrary.Core", "ContactLibrary.Core\ContactLibrary.Core.csproj", "{9D7458BF-CFEE-4D8A-A56A-FA23FFAF7D9D}"
EndProject
Project("{FAE04EC0-301F-11D3-BF4B-00C04F79EFBC}") = "ContactLibrary.Data", "ContactLibrary.Data\ContactLibrary.Data.csproj", "{E1E7F4B5-C00C-4220-86B2-3D9770C85A5F}"
EndProject
Project("{FAE04EC0-301F-11D3-BF4B-00C04F79EFBC}") = "ContactLibrary.Tests", "ContactLibrary.Tests\ContactLibrary.Tests.csproj", "{89DBCE76-771D-4EA9-A318-77F541A836DB}"
EndProject
Project("{FAE04EC0-301F-11D3-BF4B-00C04F79EFBC}") = "ContactLibrary.Domain", "ContactLibrary.Domain\ContactLibrary.Domain.csproj", "{10948868-FD20-466A-92B2-DDEDCF984C7D}"
EndProject
Global
	GlobalSection(SolutionConfigurationPlatforms) = preSolution
		Debug|Any CPU = Debug|Any CPU
		Release|Any CPU = Release|Any CPU
	EndGlobalSection
	GlobalSection(ProjectConfigurationPlatforms) = postSolution
		{93E273A0-852E-486D-845A-754ACA17A33D}.Debug|Any CPU.ActiveCfg = Debug|Any CPU
		{93E273A0-852E-486D-845A-754ACA17A33D}.Debug|Any CPU.Build.0 = Debug|Any CPU
		{93E273A0-852E-486D-845A-754ACA17A33D}.Release|Any CPU.ActiveCfg = Release|Any CPU
		{93E273A0-852E-486D-845A-754ACA17A33D}.Release|Any CPU.Build.0 = Release|Any CPU
		{9D7458BF-CFEE-4D8A-A56A-FA23FFAF7D9D}.Debug|Any CPU.ActiveCfg = Debug|Any CPU
		{9D7458BF-CFEE-4D8A-A56A-FA23FFAF7D9D}.Debug|Any CPU.Build.0 = Debug|Any CPU
		{9D7458BF-CFEE-4D8A-A56A-FA23FFAF7D9D}.Release|Any CPU.ActiveCfg = Release|Any CPU
		{9D7458BF-CFEE-4D8A-A56A-FA23FFAF7D9D}.Release|Any CPU.Build.0 = Release|Any CPU
		{E1E7F4B5-C00C-4220-86B2-3D9770C85A5F}.Debug|Any CPU.ActiveCfg = Debug|Any CPU
		{E1E7F4B5-C00C-4220-86B2-3D9770C85A5F}.Debug|Any CPU.Build.0 = Debug|Any CPU
		{E1E7F4B5-C00C-4220-86B2-3D9770C85A5F}.Release|Any CPU.ActiveCfg = Release|Any CPU
		{E1E7F4B5-C00C-4220-86B2-3D9770C85A5F}.Release|Any CPU.Build.0 = Release|Any CPU
		{89DBCE76-771D-4EA9-A318-77F541A836DB}.Debug|Any CPU.ActiveCfg = Debug|Any CPU
		{89DBCE76-771D-4EA9-A318-77F541A836DB}.Debug|Any CPU.Build.0 = Debug|Any CPU
		{89DBCE76-771D-4EA9-A318-77F541A836DB}.Release|Any CPU.ActiveCfg = Release|Any CPU
		{89DBCE76-771D-4EA9-A318-77F541A836DB}.Release|Any CPU.Build.0 = Release|Any CPU
		{10948868-FD20-466A-92B2-DDEDCF984C7D}.Debug|Any CPU.ActiveCfg = Debug|Any CPU
		{10948868-FD20-466A-92B2-DDEDCF984C7D}.Debug|Any CPU.Build.0 = Debug|Any CPU
		{10948868-FD20-466A-92B2-DDEDCF984C7D}.Release|Any CPU.ActiveCfg = Release|Any CPU
		{10948868-FD20-466A-92B2-DDEDCF984C7D}.Release|Any CPU.Build.0 = Release|Any CPU
	EndGlobalSection
	GlobalSection(SolutionProperties) = preSolution
		HideSolutionNode = FALSE
	EndGlobalSection
EndGlobal
